
Microsoft Visual Studio Solution File, Format Version 11.00
# Visual Studio 2010
Project("{8BC9CEB8-8B4A-11D0-8D11-00A0C91BC942}") = "SizeofUsing", "SizeofUsing\SizeofUsing.vcxproj", "{BED8A972-2CD5-4323-B54F-B5A768CD2275}"
EndProject
Global
	GlobalSection(SolutionConfigurationPlatforms) = preSolution
		Debug|Win32 = Debug|Win32
		Release|Win32 = Release|Win32
	EndGlobalSection
	GlobalSection(ProjectConfigurationPlatforms) = postSolution
		{BED8A972-2CD5-4323-B54F-B5A768CD2275}.Debug|Win32.ActiveCfg = Debug|Win32
		{BED8A972-2CD5-4323-B54F-B5A768CD2275}.Debug|Win32.Build.0 = Debug|Win32
		{BED8A972-2CD5-4323-B54F-B5A768CD2275}.Release|Win32.ActiveCfg = Release|Win32
		{BED8A972-2CD5-4323-B54F-B5A768CD2275}.Release|Win32.Build.0 = Release|Win32
	EndGlobalSection
	GlobalSection(SolutionProperties) = preSolution
		HideSolutionNode = FALSE
	EndGlobalSection
EndGlobal
