
Microsoft Visual Studio Solution File, Format Version 11.00
# Visual Studio 2010
Project("{8BC9CEB8-8B4A-11D0-8D11-00A0C91BC942}") = "Login_ConnectDataBase", "Login_ConnectDataBase\Login_ConnectDataBase.vcxproj", "{DD83A29F-4A5F-4E90-960F-26D69C8E8D87}"
EndProject
Global
	GlobalSection(SolutionConfigurationPlatforms) = preSolution
		Debug|Win32 = Debug|Win32
		Release|Win32 = Release|Win32
	EndGlobalSection
	GlobalSection(ProjectConfigurationPlatforms) = postSolution
		{DD83A29F-4A5F-4E90-960F-26D69C8E8D87}.Debug|Win32.ActiveCfg = Debug|Win32
		{DD83A29F-4A5F-4E90-960F-26D69C8E8D87}.Debug|Win32.Build.0 = Debug|Win32
		{DD83A29F-4A5F-4E90-960F-26D69C8E8D87}.Release|Win32.ActiveCfg = Release|Win32
		{DD83A29F-4A5F-4E90-960F-26D69C8E8D87}.Release|Win32.Build.0 = Release|Win32
	EndGlobalSection
	GlobalSection(SolutionProperties) = preSolution
		HideSolutionNode = FALSE
	EndGlobalSection
EndGlobal
