
Microsoft Visual Studio Solution File, Format Version 10.00
# Visual Studio 2008
Project("{8BC9CEB8-8B4A-11D0-8D11-00A0C91BC942}") = "AnimalIdentification2", "AnimalIdentification2\AnimalIdentification2.vcproj", "{820EAFCD-7188-4FC9-B11E-E013A910D151}"
EndProject
Global
	GlobalSection(SolutionConfigurationPlatforms) = preSolution
		Debug|Win32 = Debug|Win32
		Release|Win32 = Release|Win32
	EndGlobalSection
	GlobalSection(ProjectConfigurationPlatforms) = postSolution
		{820EAFCD-7188-4FC9-B11E-E013A910D151}.Debug|Win32.ActiveCfg = Debug|Win32
		{820EAFCD-7188-4FC9-B11E-E013A910D151}.Debug|Win32.Build.0 = Debug|Win32
		{820EAFCD-7188-4FC9-B11E-E013A910D151}.Release|Win32.ActiveCfg = Release|Win32
		{820EAFCD-7188-4FC9-B11E-E013A910D151}.Release|Win32.Build.0 = Release|Win32
	EndGlobalSection
	GlobalSection(SolutionProperties) = preSolution
		HideSolutionNode = FALSE
	EndGlobalSection
EndGlobal
