
Microsoft Visual Studio Solution File, Format Version 11.00
# Visual Studio 2010
Project("{8BC9CEB8-8B4A-11D0-8D11-00A0C91BC942}") = "InsertSignalEqual", "InsertSignalEqual\InsertSignalEqual.vcxproj", "{C3ECD513-CB3A-4F99-8AF7-C04CEC2C2A56}"
EndProject
Global
	GlobalSection(SolutionConfigurationPlatforms) = preSolution
		Debug|Win32 = Debug|Win32
		Release|Win32 = Release|Win32
	EndGlobalSection
	GlobalSection(ProjectConfigurationPlatforms) = postSolution
		{C3ECD513-CB3A-4F99-8AF7-C04CEC2C2A56}.Debug|Win32.ActiveCfg = Debug|Win32
		{C3ECD513-CB3A-4F99-8AF7-C04CEC2C2A56}.Debug|Win32.Build.0 = Debug|Win32
		{C3ECD513-CB3A-4F99-8AF7-C04CEC2C2A56}.Release|Win32.ActiveCfg = Release|Win32
		{C3ECD513-CB3A-4F99-8AF7-C04CEC2C2A56}.Release|Win32.Build.0 = Release|Win32
	EndGlobalSection
	GlobalSection(SolutionProperties) = preSolution
		HideSolutionNode = FALSE
	EndGlobalSection
EndGlobal
